
Microsoft Visual Studio Solution File, Format Version 12.00
# Visual Studio 15
VisualStudioVersion = 15.0.28307.539
MinimumVisualStudioVersion = 10.0.40219.1
Project("{E24C65DC-7377-472B-9ABA-BC803B73C61A}") = "project2disk", "project2disk\", "{2BC7EDDF-2E46-4EEE-A54B-AE9393492DE3}"
	ProjectSection(WebsiteProperties) = preProject
		TargetFrameworkMoniker = ".NETFramework,Version%3Dv4.6.1"
		Debug.AspNetCompiler.VirtualPath = "/localhost_52955"
		Debug.AspNetCompiler.PhysicalPath = "project2disk\"
		Debug.AspNetCompiler.TargetPath = "PrecompiledWeb\localhost_52955\"
		Debug.AspNetCompiler.Updateable = "true"
		Debug.AspNetCompiler.ForceOverwrite = "true"
		Debug.AspNetCompiler.FixedNames = "false"
		Debug.AspNetCompiler.Debug = "True"
		Release.AspNetCompiler.VirtualPath = "/localhost_52955"
		Release.AspNetCompiler.PhysicalPath = "project2disk\"
		Release.AspNetCompiler.TargetPath = "PrecompiledWeb\localhost_52955\"
		Release.AspNetCompiler.Updateable = "true"
		Release.AspNetCompiler.ForceOverwrite = "true"
		Release.AspNetCompiler.FixedNames = "false"
		Release.AspNetCompiler.Debug = "False"
		VWDPort = "52955"
		DefaultWebSiteLanguage = "Visual C#"
	EndProjectSection
EndProject
Global
	GlobalSection(SolutionConfigurationPlatforms) = preSolution
		Debug|Any CPU = Debug|Any CPU
	EndGlobalSection
	GlobalSection(ProjectConfigurationPlatforms) = postSolution
		{2BC7EDDF-2E46-4EEE-A54B-AE9393492DE3}.Debug|Any CPU.ActiveCfg = Debug|Any CPU
		{2BC7EDDF-2E46-4EEE-A54B-AE9393492DE3}.Debug|Any CPU.Build.0 = Debug|Any CPU
	EndGlobalSection
	GlobalSection(SolutionProperties) = preSolution
		HideSolutionNode = FALSE
	EndGlobalSection
	GlobalSection(ExtensibilityGlobals) = postSolution
		SolutionGuid = {0DDF3AF6-758C-4A2B-8340-B6C7F52499E9}
	EndGlobalSection
EndGlobal
